// !$*UTF8*$!
{
	archiveVersion = 1;
	classes = {
	};
	objectVersion = 46;
	objects = {

/* Begin PBXBuildFile section */
		9A018DC51A1A05D1008476B4 /* main.m in Sources */ = {isa = PBXBuildFile; fileRef = 9A018DC41A1A05D1008476B4 /* main.m */; };
		9A018DD11A1A05D1008476B4 /* Main.storyboard in Resources */ = {isa = PBXBuildFile; fileRef = 9A018DCF1A1A05D1008476B4 /* Main.storyboard */; };
		9A018DD31A1A05D1008476B4 /* Images.xcassets in Resources */ = {isa = PBXBuildFile; fileRef = 9A018DD21A1A05D1008476B4 /* Images.xcassets */; };
		9A018DD61A1A05D1008476B4 /* LaunchScreen.xib in Resources */ = {isa = PBXBuildFile; fileRef = 9A018DD41A1A05D1008476B4 /* LaunchScreen.xib */; };
		9A018DE21A1A05D1008476B4 /* FreyjaTests.m in Sources */ = {isa = PBXBuildFile; fileRef = 9A018DE11A1A05D1008476B4 /* FreyjaTests.m */; };
		9A018DF41A1A0787008476B4 /* Bolts.framework in Frameworks */ = {isa = PBXBuildFile; fileRef = 9A018DEB1A1A072E008476B4 /* Bolts.framework */; };
		9A018DF51A1A0789008476B4 /* Parse.framework in Frameworks */ = {isa = PBXBuildFile; fileRef = 9A018DEC1A1A072E008476B4 /* Parse.framework */; };
		9A018DF61A1A078C008476B4 /* ParseFacebookUtils.framework in Frameworks */ = {isa = PBXBuildFile; fileRef = 9A018DED1A1A072E008476B4 /* ParseFacebookUtils.framework */; };
		9A018DF71A1A078F008476B4 /* ParseUI.framework in Frameworks */ = {isa = PBXBuildFile; fileRef = 9A018DEE1A1A072E008476B4 /* ParseUI.framework */; };
		9A018E001A1A07F6008476B4 /* CoreLocation.framework in Frameworks */ = {isa = PBXBuildFile; fileRef = 9A018DFE1A1A07D1008476B4 /* CoreLocation.framework */; };
		9A018E011A1A07F6008476B4 /* CoreGraphics.framework in Frameworks */ = {isa = PBXBuildFile; fileRef = 9A018DFC1A1A07B8008476B4 /* CoreGraphics.framework */; };
		9A018E021A1A07F6008476B4 /* CFNetwork.framework in Frameworks */ = {isa = PBXBuildFile; fileRef = 9A018DFA1A1A07AE008476B4 /* CFNetwork.framework */; };
		9A018E031A1A07F6008476B4 /* AudioToolbox.framework in Frameworks */ = {isa = PBXBuildFile; fileRef = 9A018DF81A1A079A008476B4 /* AudioToolbox.framework */; };
		9A018E051A1A0823008476B4 /* libz.dylib in Frameworks */ = {isa = PBXBuildFile; fileRef = 9A018E041A1A0823008476B4 /* libz.dylib */; };
		9A018E071A1A083C008476B4 /* MobileCoreServices.framework in Frameworks */ = {isa = PBXBuildFile; fileRef = 9A018E061A1A083C008476B4 /* MobileCoreServices.framework */; };
		9A054EE01A595CE40068FE93 /* MatchViewController.m in Sources */ = {isa = PBXBuildFile; fileRef = 9A054EDF1A595CE40068FE93 /* MatchViewController.m */; };
		9A054EE41A595F9B0068FE93 /* MatchesViewController.m in Sources */ = {isa = PBXBuildFile; fileRef = 9A054EE31A595F9B0068FE93 /* MatchesViewController.m */; };
		9A463FE81A1A8AB9006A816B /* LoginViewController.m in Sources */ = {isa = PBXBuildFile; fileRef = 9A463FE71A1A8AB9006A816B /* LoginViewController.m */; };
		9A463FEC1A1AAF8A006A816B /* Constants.m in Sources */ = {isa = PBXBuildFile; fileRef = 9A463FEB1A1AAF8A006A816B /* Constants.m */; };
		9A56AE6B1A1A08C800D96C02 /* AppDelegate.m in Sources */ = {isa = PBXBuildFile; fileRef = 9A018DC71A1A05D1008476B4 /* AppDelegate.m */; };
		9A68BEDB1A535F12000FFDFF /* TestUser.m in Sources */ = {isa = PBXBuildFile; fileRef = 9A68BEDA1A535F12000FFDFF /* TestUser.m */; };
		9A68BEDD1A535FA8000FFDFF /* SOA.png in Resources */ = {isa = PBXBuildFile; fileRef = 9A68BEDC1A535FA8000FFDFF /* SOA.png */; };
		9A85D54F1A1BC7E9008A27BF /* HomeViewController.m in Sources */ = {isa = PBXBuildFile; fileRef = 9A85D54E1A1BC7E9008A27BF /* HomeViewController.m */; };
		9A85D5531A1BCC12008A27BF /* SettingsViewController.m in Sources */ = {isa = PBXBuildFile; fileRef = 9A85D5521A1BCC12008A27BF /* SettingsViewController.m */; };
		9A85D5571A1BD02E008A27BF /* EditProfileViewController.m in Sources */ = {isa = PBXBuildFile; fileRef = 9A85D5561A1BD02E008A27BF /* EditProfileViewController.m */; };
		9A85D55B1A1BD26B008A27BF /* ProfileViewController.m in Sources */ = {isa = PBXBuildFile; fileRef = 9A85D55A1A1BD26B008A27BF /* ProfileViewController.m */; };
		9A9190CD1A1A84F400B6D698 /* FacebookSDK.framework in Frameworks */ = {isa = PBXBuildFile; fileRef = 9A9190CC1A1A84F400B6D698 /* FacebookSDK.framework */; };
		9AFF8E7D1A1A086600ACBFCA /* QuartzCore.framework in Frameworks */ = {isa = PBXBuildFile; fileRef = 9AFF8E7C1A1A086600ACBFCA /* QuartzCore.framework */; };
		9AFF8E7F1A1A086F00ACBFCA /* Security.framework in Frameworks */ = {isa = PBXBuildFile; fileRef = 9AFF8E7E1A1A086F00ACBFCA /* Security.framework */; };
		9AFF8E811A1A087900ACBFCA /* StoreKit.framework in Frameworks */ = {isa = PBXBuildFile; fileRef = 9AFF8E801A1A087900ACBFCA /* StoreKit.framework */; };
		9AFF8E831A1A088100ACBFCA /* SystemConfiguration.framework in Frameworks */ = {isa = PBXBuildFile; fileRef = 9AFF8E821A1A088100ACBFCA /* SystemConfiguration.framework */; };
/* End PBXBuildFile section */

/* Begin PBXContainerItemProxy section */
		9A018DDC1A1A05D1008476B4 /* PBXContainerItemProxy */ = {
			isa = PBXContainerItemProxy;
			containerPortal = 9A018DB71A1A05D1008476B4 /* Project object */;
			proxyType = 1;
			remoteGlobalIDString = 9A018DBE1A1A05D1008476B4;
			remoteInfo = Freyja;
		};
/* End PBXContainerItemProxy section */

/* Begin PBXFileReference section */
		9A018DBF1A1A05D1008476B4 /* Freyja.app */ = {isa = PBXFileReference; explicitFileType = wrapper.application; includeInIndex = 0; path = Freyja.app; sourceTree = BUILT_PRODUCTS_DIR; };
		9A018DC31A1A05D1008476B4 /* Info.plist */ = {isa = PBXFileReference; lastKnownFileType = text.plist.xml; path = Info.plist; sourceTree = "<group>"; };
		9A018DC41A1A05D1008476B4 /* main.m */ = {isa = PBXFileReference; lastKnownFileType = sourcecode.c.objc; path = main.m; sourceTree = "<group>"; };
		9A018DC61A1A05D1008476B4 /* AppDelegate.h */ = {isa = PBXFileReference; lastKnownFileType = sourcecode.c.h; path = AppDelegate.h; sourceTree = "<group>"; };
		9A018DC71A1A05D1008476B4 /* AppDelegate.m */ = {isa = PBXFileReference; lastKnownFileType = sourcecode.c.objc; path = AppDelegate.m; sourceTree = "<group>"; };
		9A018DD01A1A05D1008476B4 /* Base */ = {isa = PBXFileReference; lastKnownFileType = file.storyboard; name = Base; path = Base.lproj/Main.storyboard; sourceTree = "<group>"; };
		9A018DD21A1A05D1008476B4 /* Images.xcassets */ = {isa = PBXFileReference; lastKnownFileType = folder.assetcatalog; path = Images.xcassets; sourceTree = "<group>"; };
		9A018DD51A1A05D1008476B4 /* Base */ = {isa = PBXFileReference; lastKnownFileType = file.xib; name = Base; path = Base.lproj/LaunchScreen.xib; sourceTree = "<group>"; };
		9A018DDB1A1A05D1008476B4 /* FreyjaTests.xctest */ = {isa = PBXFileReference; explicitFileType = wrapper.cfbundle; includeInIndex = 0; path = FreyjaTests.xctest; sourceTree = BUILT_PRODUCTS_DIR; };
		9A018DE01A1A05D1008476B4 /* Info.plist */ = {isa = PBXFileReference; lastKnownFileType = text.plist.xml; path = Info.plist; sourceTree = "<group>"; };
		9A018DE11A1A05D1008476B4 /* FreyjaTests.m */ = {isa = PBXFileReference; lastKnownFileType = sourcecode.c.objc; path = FreyjaTests.m; sourceTree = "<group>"; };
		9A018DEB1A1A072E008476B4 /* Bolts.framework */ = {isa = PBXFileReference; lastKnownFileType = wrapper.framework; path = Bolts.framework; sourceTree = "<group>"; };
		9A018DEC1A1A072E008476B4 /* Parse.framework */ = {isa = PBXFileReference; lastKnownFileType = wrapper.framework; path = Parse.framework; sourceTree = "<group>"; };
		9A018DED1A1A072E008476B4 /* ParseFacebookUtils.framework */ = {isa = PBXFileReference; lastKnownFileType = wrapper.framework; path = ParseFacebookUtils.framework; sourceTree = "<group>"; };
		9A018DEE1A1A072E008476B4 /* ParseUI.framework */ = {isa = PBXFileReference; lastKnownFileType = wrapper.framework; path = ParseUI.framework; sourceTree = "<group>"; };
		9A018DF81A1A079A008476B4 /* AudioToolbox.framework */ = {isa = PBXFileReference; lastKnownFileType = wrapper.framework; name = AudioToolbox.framework; path = System/Library/Frameworks/AudioToolbox.framework; sourceTree = SDKROOT; };
		9A018DFA1A1A07AE008476B4 /* CFNetwork.framework */ = {isa = PBXFileReference; lastKnownFileType = wrapper.framework; name = CFNetwork.framework; path = System/Library/Frameworks/CFNetwork.framework; sourceTree = SDKROOT; };
		9A018DFC1A1A07B8008476B4 /* CoreGraphics.framework */ = {isa = PBXFileReference; lastKnownFileType = wrapper.framework; name = CoreGraphics.framework; path = System/Library/Frameworks/CoreGraphics.framework; sourceTree = SDKROOT; };
		9A018DFE1A1A07D1008476B4 /* CoreLocation.framework */ = {isa = PBXFileReference; lastKnownFileType = wrapper.framework; name = CoreLocation.framework; path = System/Library/Frameworks/CoreLocation.framework; sourceTree = SDKROOT; };
		9A018E041A1A0823008476B4 /* libz.dylib */ = {isa = PBXFileReference; lastKnownFileType = "compiled.mach-o.dylib"; name = libz.dylib; path = usr/lib/libz.dylib; sourceTree = SDKROOT; };
		9A018E061A1A083C008476B4 /* MobileCoreServices.framework */ = {isa = PBXFileReference; lastKnownFileType = wrapper.framework; name = MobileCoreServices.framework; path = System/Library/Frameworks/MobileCoreServices.framework; sourceTree = SDKROOT; };
		9A054EDE1A595CE40068FE93 /* MatchViewController.h */ = {isa = PBXFileReference; fileEncoding = 4; lastKnownFileType = sourcecode.c.h; path = MatchViewController.h; sourceTree = "<group>"; };
		9A054EDF1A595CE40068FE93 /* MatchViewController.m */ = {isa = PBXFileReference; fileEncoding = 4; lastKnownFileType = sourcecode.c.objc; path = MatchViewController.m; sourceTree = "<group>"; };
		9A054EE21A595F9B0068FE93 /* MatchesViewController.h */ = {isa = PBXFileReference; fileEncoding = 4; lastKnownFileType = sourcecode.c.h; path = MatchesViewController.h; sourceTree = "<group>"; };
		9A054EE31A595F9B0068FE93 /* MatchesViewController.m */ = {isa = PBXFileReference; fileEncoding = 4; lastKnownFileType = sourcecode.c.objc; path = MatchesViewController.m; sourceTree = "<group>"; };
		9A463FE61A1A8AB9006A816B /* LoginViewController.h */ = {isa = PBXFileReference; fileEncoding = 4; lastKnownFileType = sourcecode.c.h; path = LoginViewController.h; sourceTree = "<group>"; };
		9A463FE71A1A8AB9006A816B /* LoginViewController.m */ = {isa = PBXFileReference; fileEncoding = 4; lastKnownFileType = sourcecode.c.objc; path = LoginViewController.m; sourceTree = "<group>"; };
		9A463FEA1A1AAF8A006A816B /* Constants.h */ = {isa = PBXFileReference; fileEncoding = 4; lastKnownFileType = sourcecode.c.h; path = Constants.h; sourceTree = "<group>"; };
		9A463FEB1A1AAF8A006A816B /* Constants.m */ = {isa = PBXFileReference; fileEncoding = 4; lastKnownFileType = sourcecode.c.objc; path = Constants.m; sourceTree = "<group>"; };
		9A68BED91A535F12000FFDFF /* TestUser.h */ = {isa = PBXFileReference; fileEncoding = 4; lastKnownFileType = sourcecode.c.h; path = TestUser.h; sourceTree = "<group>"; };
		9A68BEDA1A535F12000FFDFF /* TestUser.m */ = {isa = PBXFileReference; fileEncoding = 4; lastKnownFileType = sourcecode.c.objc; path = TestUser.m; sourceTree = "<group>"; };
		9A68BEDC1A535FA8000FFDFF /* SOA.png */ = {isa = PBXFileReference; lastKnownFileType = image.png; path = SOA.png; sourceTree = "<group>"; };
		9A85D54D1A1BC7E9008A27BF /* HomeViewController.h */ = {isa = PBXFileReference; fileEncoding = 4; lastKnownFileType = sourcecode.c.h; path = HomeViewController.h; sourceTree = "<group>"; };
		9A85D54E1A1BC7E9008A27BF /* HomeViewController.m */ = {isa = PBXFileReference; fileEncoding = 4; lastKnownFileType = sourcecode.c.objc; path = HomeViewController.m; sourceTree = "<group>"; };
		9A85D5511A1BCC12008A27BF /* SettingsViewController.h */ = {isa = PBXFileReference; fileEncoding = 4; lastKnownFileType = sourcecode.c.h; path = SettingsViewController.h; sourceTree = "<group>"; };
		9A85D5521A1BCC12008A27BF /* SettingsViewController.m */ = {isa = PBXFileReference; fileEncoding = 4; lastKnownFileType = sourcecode.c.objc; path = SettingsViewController.m; sourceTree = "<group>"; };
		9A85D5551A1BD02E008A27BF /* EditProfileViewController.h */ = {isa = PBXFileReference; fileEncoding = 4; lastKnownFileType = sourcecode.c.h; path = EditProfileViewController.h; sourceTree = "<group>"; };
		9A85D5561A1BD02E008A27BF /* EditProfileViewController.m */ = {isa = PBXFileReference; fileEncoding = 4; lastKnownFileType = sourcecode.c.objc; path = EditProfileViewController.m; sourceTree = "<group>"; };
		9A85D5591A1BD26B008A27BF /* ProfileViewController.h */ = {isa = PBXFileReference; fileEncoding = 4; lastKnownFileType = sourcecode.c.h; path = ProfileViewController.h; sourceTree = "<group>"; };
		9A85D55A1A1BD26B008A27BF /* ProfileViewController.m */ = {isa = PBXFileReference; fileEncoding = 4; lastKnownFileType = sourcecode.c.objc; path = ProfileViewController.m; sourceTree = "<group>"; };
		9A9190CC1A1A84F400B6D698 /* FacebookSDK.framework */ = {isa = PBXFileReference; lastKnownFileType = wrapper.framework; path = FacebookSDK.framework; sourceTree = "<group>"; };
		9AFF8E7C1A1A086600ACBFCA /* QuartzCore.framework */ = {isa = PBXFileReference; lastKnownFileType = wrapper.framework; name = QuartzCore.framework; path = System/Library/Frameworks/QuartzCore.framework; sourceTree = SDKROOT; };
		9AFF8E7E1A1A086F00ACBFCA /* Security.framework */ = {isa = PBXFileReference; lastKnownFileType = wrapper.framework; name = Security.framework; path = System/Library/Frameworks/Security.framework; sourceTree = SDKROOT; };
		9AFF8E801A1A087900ACBFCA /* StoreKit.framework */ = {isa = PBXFileReference; lastKnownFileType = wrapper.framework; name = StoreKit.framework; path = System/Library/Frameworks/StoreKit.framework; sourceTree = SDKROOT; };
		9AFF8E821A1A088100ACBFCA /* SystemConfiguration.framework */ = {isa = PBXFileReference; lastKnownFileType = wrapper.framework; name = SystemConfiguration.framework; path = System/Library/Frameworks/SystemConfiguration.framework; sourceTree = SDKROOT; };
/* End PBXFileReference section */

/* Begin PBXFrameworksBuildPhase section */
		9A018DBC1A1A05D1008476B4 /* Frameworks */ = {
			isa = PBXFrameworksBuildPhase;
			buildActionMask = 2147483647;
			files = (
				9A9190CD1A1A84F400B6D698 /* FacebookSDK.framework in Frameworks */,
				9AFF8E831A1A088100ACBFCA /* SystemConfiguration.framework in Frameworks */,
				9AFF8E811A1A087900ACBFCA /* StoreKit.framework in Frameworks */,
				9AFF8E7F1A1A086F00ACBFCA /* Security.framework in Frameworks */,
				9AFF8E7D1A1A086600ACBFCA /* QuartzCore.framework in Frameworks */,
				9A018E071A1A083C008476B4 /* MobileCoreServices.framework in Frameworks */,
				9A018E051A1A0823008476B4 /* libz.dylib in Frameworks */,
				9A018E001A1A07F6008476B4 /* CoreLocation.framework in Frameworks */,
				9A018E011A1A07F6008476B4 /* CoreGraphics.framework in Frameworks */,
				9A018E021A1A07F6008476B4 /* CFNetwork.framework in Frameworks */,
				9A018E031A1A07F6008476B4 /* AudioToolbox.framework in Frameworks */,
				9A018DF41A1A0787008476B4 /* Bolts.framework in Frameworks */,
				9A018DF51A1A0789008476B4 /* Parse.framework in Frameworks */,
				9A018DF61A1A078C008476B4 /* ParseFacebookUtils.framework in Frameworks */,
				9A018DF71A1A078F008476B4 /* ParseUI.framework in Frameworks */,
			);
			runOnlyForDeploymentPostprocessing = 0;
		};
		9A018DD81A1A05D1008476B4 /* Frameworks */ = {
			isa = PBXFrameworksBuildPhase;
			buildActionMask = 2147483647;
			files = (
			);
			runOnlyForDeploymentPostprocessing = 0;
		};
/* End PBXFrameworksBuildPhase section */

/* Begin PBXGroup section */
		9A018DB61A1A05D1008476B4 = {
			isa = PBXGroup;
			children = (
				9A018DC11A1A05D1008476B4 /* Freyja */,
				9A018DF31A1A0740008476B4 /* Frameworks */,
				9A018DDE1A1A05D1008476B4 /* FreyjaTests */,
				9A018DC01A1A05D1008476B4 /* Products */,
			);
			sourceTree = "<group>";
		};
		9A018DC01A1A05D1008476B4 /* Products */ = {
			isa = PBXGroup;
			children = (
				9A018DBF1A1A05D1008476B4 /* Freyja.app */,
				9A018DDB1A1A05D1008476B4 /* FreyjaTests.xctest */,
			);
			name = Products;
			sourceTree = "<group>";
		};
		9A018DC11A1A05D1008476B4 /* Freyja */ = {
			isa = PBXGroup;
			children = (
				9A018DCF1A1A05D1008476B4 /* Main.storyboard */,
				9A018DC61A1A05D1008476B4 /* AppDelegate.h */,
				9A018DC71A1A05D1008476B4 /* AppDelegate.m */,
				9A463FE91A1A8AE8006A816B /* Login */,
				9A85D54C1A1BC7AB008A27BF /* Home */,
				9A85D5501A1BCBF4008A27BF /* Settings */,
				9A85D5541A1BCFE6008A27BF /* Edit Profile */,
				9A85D5581A1BD250008A27BF /* Profile */,
				9A054EDD1A595C8C0068FE93 /* Match */,
				9A054EE11A595F7D0068FE93 /* Matches */,
				9A68BED81A535EEB000FFDFF /* CreateParseUser */,
				9A018DD21A1A05D1008476B4 /* Images.xcassets */,
				9A018DD41A1A05D1008476B4 /* LaunchScreen.xib */,
				9A018DC21A1A05D1008476B4 /* Supporting Files */,
			);
			path = Freyja;
			sourceTree = "<group>";
		};
		9A018DC21A1A05D1008476B4 /* Supporting Files */ = {
			isa = PBXGroup;
			children = (
				9A68BEDC1A535FA8000FFDFF /* SOA.png */,
				9A018DC31A1A05D1008476B4 /* Info.plist */,
				9A018DC41A1A05D1008476B4 /* main.m */,
				9A463FEA1A1AAF8A006A816B /* Constants.h */,
				9A463FEB1A1AAF8A006A816B /* Constants.m */,
			);
			name = "Supporting Files";
			sourceTree = "<group>";
		};
		9A018DDE1A1A05D1008476B4 /* FreyjaTests */ = {
			isa = PBXGroup;
			children = (
				9A018DE11A1A05D1008476B4 /* FreyjaTests.m */,
				9A018DDF1A1A05D1008476B4 /* Supporting Files */,
			);
			path = FreyjaTests;
			sourceTree = "<group>";
		};
		9A018DDF1A1A05D1008476B4 /* Supporting Files */ = {
			isa = PBXGroup;
			children = (
				9A018DE01A1A05D1008476B4 /* Info.plist */,
			);
			name = "Supporting Files";
			sourceTree = "<group>";
		};
		9A018DF31A1A0740008476B4 /* Frameworks */ = {
			isa = PBXGroup;
			children = (
				9A9190CC1A1A84F400B6D698 /* FacebookSDK.framework */,
				9A018DF81A1A079A008476B4 /* AudioToolbox.framework */,
				9A018DEB1A1A072E008476B4 /* Bolts.framework */,
				9A018DFA1A1A07AE008476B4 /* CFNetwork.framework */,
				9A018DFC1A1A07B8008476B4 /* CoreGraphics.framework */,
				9A018DFE1A1A07D1008476B4 /* CoreLocation.framework */,
				9A018E041A1A0823008476B4 /* libz.dylib */,
				9A018E061A1A083C008476B4 /* MobileCoreServices.framework */,
				9A018DEC1A1A072E008476B4 /* Parse.framework */,
				9A018DED1A1A072E008476B4 /* ParseFacebookUtils.framework */,
				9A018DEE1A1A072E008476B4 /* ParseUI.framework */,
				9AFF8E7C1A1A086600ACBFCA /* QuartzCore.framework */,
				9AFF8E7E1A1A086F00ACBFCA /* Security.framework */,
				9AFF8E801A1A087900ACBFCA /* StoreKit.framework */,
				9AFF8E821A1A088100ACBFCA /* SystemConfiguration.framework */,
			);
			name = Frameworks;
			path = Freyja;
			sourceTree = "<group>";
		};
		9A054EDD1A595C8C0068FE93 /* Match */ = {
			isa = PBXGroup;
			children = (
				9A054EDE1A595CE40068FE93 /* MatchViewController.h */,
				9A054EDF1A595CE40068FE93 /* MatchViewController.m */,
			);
			name = Match;
			sourceTree = "<group>";
		};
		9A054EE11A595F7D0068FE93 /* Matches */ = {
			isa = PBXGroup;
			children = (
				9A054EE21A595F9B0068FE93 /* MatchesViewController.h */,
				9A054EE31A595F9B0068FE93 /* MatchesViewController.m */,
			);
			name = Matches;
			sourceTree = "<group>";
		};
		9A463FE91A1A8AE8006A816B /* Login */ = {
			isa = PBXGroup;
			children = (
				9A463FE61A1A8AB9006A816B /* LoginViewController.h */,
				9A463FE71A1A8AB9006A816B /* LoginViewController.m */,
			);
			name = Login;
			sourceTree = "<group>";
		};
		9A68BED81A535EEB000FFDFF /* CreateParseUser */ = {
			isa = PBXGroup;
			children = (
				9A68BED91A535F12000FFDFF /* TestUser.h */,
				9A68BEDA1A535F12000FFDFF /* TestUser.m */,
			);
			name = CreateParseUser;
			sourceTree = "<group>";
		};
		9A85D54C1A1BC7AB008A27BF /* Home */ = {
			isa = PBXGroup;
			children = (
				9A85D54D1A1BC7E9008A27BF /* HomeViewController.h */,
				9A85D54E1A1BC7E9008A27BF /* HomeViewController.m */,
			);
			name = Home;
			sourceTree = "<group>";
		};
		9A85D5501A1BCBF4008A27BF /* Settings */ = {
			isa = PBXGroup;
			children = (
				9A85D5511A1BCC12008A27BF /* SettingsViewController.h */,
				9A85D5521A1BCC12008A27BF /* SettingsViewController.m */,
			);
			name = Settings;
			sourceTree = "<group>";
		};
		9A85D5541A1BCFE6008A27BF /* Edit Profile */ = {
			isa = PBXGroup;
			children = (
				9A85D5551A1BD02E008A27BF /* EditProfileViewController.h */,
				9A85D5561A1BD02E008A27BF /* EditProfileViewController.m */,
			);
			name = "Edit Profile";
			sourceTree = "<group>";
		};
		9A85D5581A1BD250008A27BF /* Profile */ = {
			isa = PBXGroup;
			children = (
				9A85D5591A1BD26B008A27BF /* ProfileViewController.h */,
				9A85D55A1A1BD26B008A27BF /* ProfileViewController.m */,
			);
			name = Profile;
			sourceTree = "<group>";
		};
/* End PBXGroup section */

/* Begin PBXNativeTarget section */
		9A018DBE1A1A05D1008476B4 /* Freyja */ = {
			isa = PBXNativeTarget;
			buildConfigurationList = 9A018DE51A1A05D1008476B4 /* Build configuration list for PBXNativeTarget "Freyja" */;
			buildPhases = (
				9A018DBB1A1A05D1008476B4 /* Sources */,
				9A018DBC1A1A05D1008476B4 /* Frameworks */,
				9A018DBD1A1A05D1008476B4 /* Resources */,
			);
			buildRules = (
			);
			dependencies = (
			);
			name = Freyja;
			productName = Freyja;
			productReference = 9A018DBF1A1A05D1008476B4 /* Freyja.app */;
			productType = "com.apple.product-type.application";
		};
		9A018DDA1A1A05D1008476B4 /* FreyjaTests */ = {
			isa = PBXNativeTarget;
			buildConfigurationList = 9A018DE81A1A05D1008476B4 /* Build configuration list for PBXNativeTarget "FreyjaTests" */;
			buildPhases = (
				9A018DD71A1A05D1008476B4 /* Sources */,
				9A018DD81A1A05D1008476B4 /* Frameworks */,
				9A018DD91A1A05D1008476B4 /* Resources */,
			);
			buildRules = (
			);
			dependencies = (
				9A018DDD1A1A05D1008476B4 /* PBXTargetDependency */,
			);
			name = FreyjaTests;
			productName = FreyjaTests;
			productReference = 9A018DDB1A1A05D1008476B4 /* FreyjaTests.xctest */;
			productType = "com.apple.product-type.bundle.unit-test";
		};
/* End PBXNativeTarget section */

/* Begin PBXProject section */
		9A018DB71A1A05D1008476B4 /* Project object */ = {
			isa = PBXProject;
			attributes = {
				LastUpgradeCheck = 0610;
				ORGANIZATIONNAME = "Jose Manuel Ramírez Martínez";
				TargetAttributes = {
					9A018DBE1A1A05D1008476B4 = {
						CreatedOnToolsVersion = 6.1;
					};
					9A018DDA1A1A05D1008476B4 = {
						CreatedOnToolsVersion = 6.1;
						TestTargetID = 9A018DBE1A1A05D1008476B4;
					};
				};
			};
			buildConfigurationList = 9A018DBA1A1A05D1008476B4 /* Build configuration list for PBXProject "Freyja" */;
			compatibilityVersion = "Xcode 3.2";
			developmentRegion = English;
			hasScannedForEncodings = 0;
			knownRegions = (
				en,
				Base,
				he,
			);
			mainGroup = 9A018DB61A1A05D1008476B4;
			productRefGroup = 9A018DC01A1A05D1008476B4 /* Products */;
			projectDirPath = "";
			projectRoot = "";
			targets = (
				9A018DBE1A1A05D1008476B4 /* Freyja */,
				9A018DDA1A1A05D1008476B4 /* FreyjaTests */,
			);
		};
/* End PBXProject section */

/* Begin PBXResourcesBuildPhase section */
		9A018DBD1A1A05D1008476B4 /* Resources */ = {
			isa = PBXResourcesBuildPhase;
			buildActionMask = 2147483647;
			files = (
				9A018DD11A1A05D1008476B4 /* Main.storyboard in Resources */,
				9A68BEDD1A535FA8000FFDFF /* SOA.png in Resources */,
				9A018DD61A1A05D1008476B4 /* LaunchScreen.xib in Resources */,
				9A018DD31A1A05D1008476B4 /* Images.xcassets in Resources */,
			);
			runOnlyForDeploymentPostprocessing = 0;
		};
		9A018DD91A1A05D1008476B4 /* Resources */ = {
			isa = PBXResourcesBuildPhase;
			buildActionMask = 2147483647;
			files = (
			);
			runOnlyForDeploymentPostprocessing = 0;
		};
/* End PBXResourcesBuildPhase section */

/* Begin PBXSourcesBuildPhase section */
		9A018DBB1A1A05D1008476B4 /* Sources */ = {
			isa = PBXSourcesBuildPhase;
			buildActionMask = 2147483647;
			files = (
				9A56AE6B1A1A08C800D96C02 /* AppDelegate.m in Sources */,
				9A054EE41A595F9B0068FE93 /* MatchesViewController.m in Sources */,
				9A018DC51A1A05D1008476B4 /* main.m in Sources */,
				9A85D55B1A1BD26B008A27BF /* ProfileViewController.m in Sources */,
				9A85D5571A1BD02E008A27BF /* EditProfileViewController.m in Sources */,
				9A68BEDB1A535F12000FFDFF /* TestUser.m in Sources */,
				9A463FE81A1A8AB9006A816B /* LoginViewController.m in Sources */,
				9A85D5531A1BCC12008A27BF /* SettingsViewController.m in Sources */,
				9A85D54F1A1BC7E9008A27BF /* HomeViewController.m in Sources */,
				9A054EE01A595CE40068FE93 /* MatchViewController.m in Sources */,
				9A463FEC1A1AAF8A006A816B /* Constants.m in Sources */,
			);
			runOnlyForDeploymentPostprocessing = 0;
		};
		9A018DD71A1A05D1008476B4 /* Sources */ = {
			isa = PBXSourcesBuildPhase;
			buildActionMask = 2147483647;
			files = (
				9A018DE21A1A05D1008476B4 /* FreyjaTests.m in Sources */,
			);
			runOnlyForDeploymentPostprocessing = 0;
		};
/* End PBXSourcesBuildPhase section */

/* Begin PBXTargetDependency section */
		9A018DDD1A1A05D1008476B4 /* PBXTargetDependency */ = {
			isa = PBXTargetDependency;
			target = 9A018DBE1A1A05D1008476B4 /* Freyja */;
			targetProxy = 9A018DDC1A1A05D1008476B4 /* PBXContainerItemProxy */;
		};
/* End PBXTargetDependency section */

/* Begin PBXVariantGroup section */
		9A018DCF1A1A05D1008476B4 /* Main.storyboard */ = {
			isa = PBXVariantGroup;
			children = (
				9A018DD01A1A05D1008476B4 /* Base */,
			);
			name = Main.storyboard;
			sourceTree = "<group>";
		};
		9A018DD41A1A05D1008476B4 /* LaunchScreen.xib */ = {
			isa = PBXVariantGroup;
			children = (
				9A018DD51A1A05D1008476B4 /* Base */,
			);
			name = LaunchScreen.xib;
			sourceTree = "<group>";
		};
/* End PBXVariantGroup section */

/* Begin XCBuildConfiguration section */
		9A018DE31A1A05D1008476B4 /* Debug */ = {
			isa = XCBuildConfiguration;
			buildSettings = {
				ALWAYS_SEARCH_USER_PATHS = NO;
				CLANG_CXX_LANGUAGE_STANDARD = "gnu++0x";
				CLANG_CXX_LIBRARY = "libc++";
				CLANG_ENABLE_MODULES = YES;
				CLANG_ENABLE_OBJC_ARC = YES;
				CLANG_WARN_BOOL_CONVERSION = YES;
				CLANG_WARN_CONSTANT_CONVERSION = YES;
				CLANG_WARN_DIRECT_OBJC_ISA_USAGE = YES_ERROR;
				CLANG_WARN_EMPTY_BODY = YES;
				CLANG_WARN_ENUM_CONVERSION = YES;
				CLANG_WARN_INT_CONVERSION = YES;
				CLANG_WARN_OBJC_ROOT_CLASS = YES_ERROR;
				CLANG_WARN_UNREACHABLE_CODE = YES;
				CLANG_WARN__DUPLICATE_METHOD_MATCH = YES;
				"CODE_SIGN_IDENTITY[sdk=iphoneos*]" = "iPhone Developer";
				COPY_PHASE_STRIP = NO;
				ENABLE_STRICT_OBJC_MSGSEND = YES;
				GCC_C_LANGUAGE_STANDARD = gnu99;
				GCC_DYNAMIC_NO_PIC = NO;
				GCC_OPTIMIZATION_LEVEL = 0;
				GCC_PREPROCESSOR_DEFINITIONS = (
					"DEBUG=1",
					"$(inherited)",
				);
				GCC_SYMBOLS_PRIVATE_EXTERN = NO;
				GCC_WARN_64_TO_32_BIT_CONVERSION = YES;
				GCC_WARN_ABOUT_RETURN_TYPE = YES_ERROR;
				GCC_WARN_UNDECLARED_SELECTOR = YES;
				GCC_WARN_UNINITIALIZED_AUTOS = YES_AGGRESSIVE;
				GCC_WARN_UNUSED_FUNCTION = YES;
				GCC_WARN_UNUSED_VARIABLE = YES;
				IPHONEOS_DEPLOYMENT_TARGET = 8.1;
				MTL_ENABLE_DEBUG_INFO = YES;
				ONLY_ACTIVE_ARCH = YES;
				SDKROOT = iphoneos;
			};
			name = Debug;
		};
		9A018DE41A1A05D1008476B4 /* Release */ = {
			isa = XCBuildConfiguration;
			buildSettings = {
				ALWAYS_SEARCH_USER_PATHS = NO;
				CLANG_CXX_LANGUAGE_STANDARD = "gnu++0x";
				CLANG_CXX_LIBRARY = "libc++";
				CLANG_ENABLE_MODULES = YES;
				CLANG_ENABLE_OBJC_ARC = YES;
				CLANG_WARN_BOOL_CONVERSION = YES;
				CLANG_WARN_CONSTANT_CONVERSION = YES;
				CLANG_WARN_DIRECT_OBJC_ISA_USAGE = YES_ERROR;
				CLANG_WARN_EMPTY_BODY = YES;
				CLANG_WARN_ENUM_CONVERSION = YES;
				CLANG_WARN_INT_CONVERSION = YES;
				CLANG_WARN_OBJC_ROOT_CLASS = YES_ERROR;
				CLANG_WARN_UNREACHABLE_CODE = YES;
				CLANG_WARN__DUPLICATE_METHOD_MATCH = YES;
				"CODE_SIGN_IDENTITY[sdk=iphoneos*]" = "iPhone Developer";
				COPY_PHASE_STRIP = YES;
				ENABLE_NS_ASSERTIONS = NO;
				ENABLE_STRICT_OBJC_MSGSEND = YES;
				GCC_C_LANGUAGE_STANDARD = gnu99;
				GCC_WARN_64_TO_32_BIT_CONVERSION = YES;
				GCC_WARN_ABOUT_RETURN_TYPE = YES_ERROR;
				GCC_WARN_UNDECLARED_SELECTOR = YES;
				GCC_WARN_UNINITIALIZED_AUTOS = YES_AGGRESSIVE;
				GCC_WARN_UNUSED_FUNCTION = YES;
				GCC_WARN_UNUSED_VARIABLE = YES;
				IPHONEOS_DEPLOYMENT_TARGET = 8.1;
				MTL_ENABLE_DEBUG_INFO = NO;
				SDKROOT = iphoneos;
				VALIDATE_PRODUCT = YES;
			};
			name = Release;
		};
		9A018DE61A1A05D1008476B4 /* Debug */ = {
			isa = XCBuildConfiguration;
			buildSettings = {
				ASSETCATALOG_COMPILER_APPICON_NAME = AppIcon;
				FRAMEWORK_SEARCH_PATHS = (
					"$(inherited)",
					"$(PROJECT_DIR)/Freyja",
					/Users/savyna/Documents/FacebookSDK,
					/Users/savyna/Documents/FacebookSDK/FBAudienceNetwork,
				);
				INFOPLIST_FILE = Freyja/Info.plist;
				LD_RUNPATH_SEARCH_PATHS = "$(inherited) @executable_path/Frameworks";
				PRODUCT_NAME = "$(TARGET_NAME)";
			};
			name = Debug;
		};
		9A018DE71A1A05D1008476B4 /* Release */ = {
			isa = XCBuildConfiguration;
			buildSettings = {
				ASSETCATALOG_COMPILER_APPICON_NAME = AppIcon;
				FRAMEWORK_SEARCH_PATHS = (
					"$(inherited)",
					"$(PROJECT_DIR)/Freyja",
					/Users/savyna/Documents/FacebookSDK,
					/Users/savyna/Documents/FacebookSDK/FBAudienceNetwork,
				);
				INFOPLIST_FILE = Freyja/Info.plist;
				LD_RUNPATH_SEARCH_PATHS = "$(inherited) @executable_path/Frameworks";
				PRODUCT_NAME = "$(TARGET_NAME)";
			};
			name = Release;
		};
		9A018DE91A1A05D1008476B4 /* Debug */ = {
			isa = XCBuildConfiguration;
			buildSettings = {
				BUNDLE_LOADER = "$(TEST_HOST)";
				FRAMEWORK_SEARCH_PATHS = (
					"$(SDKROOT)/Developer/Library/Frameworks",
					"$(inherited)",
				);
				GCC_PREPROCESSOR_DEFINITIONS = (
					"DEBUG=1",
					"$(inherited)",
				);
				INFOPLIST_FILE = FreyjaTests/Info.plist;
				LD_RUNPATH_SEARCH_PATHS = "$(inherited) @executable_path/Frameworks @loader_path/Frameworks";
				PRODUCT_NAME = "$(TARGET_NAME)";
				TEST_HOST = "$(BUILT_PRODUCTS_DIR)/Freyja.app/Freyja";
			};
			name = Debug;
		};
		9A018DEA1A1A05D1008476B4 /* Release */ = {
			isa = XCBuildConfiguration;
			buildSettings = {
				BUNDLE_LOADER = "$(TEST_HOST)";
				FRAMEWORK_SEARCH_PATHS = (
					"$(SDKROOT)/Developer/Library/Frameworks",
					"$(inherited)",
				);
				INFOPLIST_FILE = FreyjaTests/Info.plist;
				LD_RUNPATH_SEARCH_PATHS = "$(inherited) @executable_path/Frameworks @loader_path/Frameworks";
				PRODUCT_NAME = "$(TARGET_NAME)";
				TEST_HOST = "$(BUILT_PRODUCTS_DIR)/Freyja.app/Freyja";
			};
			name = Release;
		};
/* End XCBuildConfiguration section */

/* Begin XCConfigurationList section */
		9A018DBA1A1A05D1008476B4 /* Build configuration list for PBXProject "Freyja" */ = {
			isa = XCConfigurationList;
			buildConfigurations = (
				9A018DE31A1A05D1008476B4 /* Debug */,
				9A018DE41A1A05D1008476B4 /* Release */,
			);
			defaultConfigurationIsVisible = 0;
			defaultConfigurationName = Release;
		};
		9A018DE51A1A05D1008476B4 /* Build configuration list for PBXNativeTarget "Freyja" */ = {
			isa = XCConfigurationList;
			buildConfigurations = (
				9A018DE61A1A05D1008476B4 /* Debug */,
				9A018DE71A1A05D1008476B4 /* Release */,
			);
			defaultConfigurationIsVisible = 0;
			defaultConfigurationName = Release;
		};
		9A018DE81A1A05D1008476B4 /* Build configuration list for PBXNativeTarget "FreyjaTests" */ = {
			isa = XCConfigurationList;
			buildConfigurations = (
				9A018DE91A1A05D1008476B4 /* Debug */,
				9A018DEA1A1A05D1008476B4 /* Release */,
			);
			defaultConfigurationIsVisible = 0;
			defaultConfigurationName = Release;
		};
/* End XCConfigurationList section */
	};
	rootObject = 9A018DB71A1A05D1008476B4 /* Project object */;
}
